
Microsoft Visual Studio Solution File, Format Version 12.00
# Visual Studio Version 17
VisualStudioVersion = 17.0.32014.148
MinimumVisualStudioVersion = 10.0.40219.1
Project("{FAE04EC0-301F-11D3-BF4B-00C04F79EFBC}") = "GitLabCITest", "GitLabCITest\GitLabCITest.csproj", "{210EF673-A731-4843-A778-5E25B32C219D}"
EndProject
Global
	GlobalSection(SolutionConfigurationPlatforms) = preSolution
		Debug|Any CPU = Debug|Any CPU
		Release|Any CPU = Release|Any CPU
	EndGlobalSection
	GlobalSection(ProjectConfigurationPlatforms) = postSolution
		{210EF673-A731-4843-A778-5E25B32C219D}.Debug|Any CPU.ActiveCfg = Debug|Any CPU
		{210EF673-A731-4843-A778-5E25B32C219D}.Debug|Any CPU.Build.0 = Debug|Any CPU
		{210EF673-A731-4843-A778-5E25B32C219D}.Release|Any CPU.ActiveCfg = Release|Any CPU
		{210EF673-A731-4843-A778-5E25B32C219D}.Release|Any CPU.Build.0 = Release|Any CPU
	EndGlobalSection
	GlobalSection(SolutionProperties) = preSolution
		HideSolutionNode = FALSE
	EndGlobalSection
	GlobalSection(ExtensibilityGlobals) = postSolution
		SolutionGuid = {8F665ECE-F92B-4657-8B1E-24F013E117F4}
	EndGlobalSection
EndGlobal
